<?xml version="1.0" encoding="utf-8"?>
<Project ToolsVersion="4.0" xmlns="http://schemas.microsoft.com/developer/msbuild/2003">
  <ItemGroup>
    <Filter Include="Source Files">
      <UniqueIdentifier>{4FC737F1-C7A5-4376-A066-2A32D752A2FF}</UniqueIdentifier>
      <Extensions>cpp;c;cc;cxx;c++;cppm;ixx;def;odl;idl;hpj;bat;asm;asmx</Extensions>
    </Filter>
    <Filter Include="Header Files">
      <UniqueIdentifier>{93995380-89BD-4b04-88EB-625FBE52EBFB}</UniqueIdentifier>
      <Extensions>h;hh;hpp;hxx;h++;hm;inl;inc;ipp;xsd</Extensions>
    </Filter>
    <Filter Include="Resource Files">
      <UniqueIdentifier>{67DA6AB6-F800-4c08-8B7A-83BB121AAD01}</UniqueIdentifier>
      <Extensions>rc;ico;cur;bmp;dlg;rc2;rct;bin;rgs;gif;jpg;jpeg;jpe;resx;tiff;tif;png;wav;mfcribbon-ms</Extensions>
    </Filter>
  </ItemGroup>
  <ItemGroup>
    <ClCompile Include="src\main.cpp">
      <Filter>Source Files</Filter>
    </ClCompile>
    <ClCompile Include="src\Command\MoveBackward\MoveBackward.cpp">
      <Filter>Source Files</Filter>
    </ClCompile>
    <ClCompile Include="src\Command\MoveForward\MoveForward.cpp">
      <Filter>Source Files</Filter>
    </ClCompile>
    <ClCompile Include="src\Command\TurnLeft\TurnLeft.cpp">
      <Filter>Source Files</Filter>
    </ClCompile>
    <ClCompile Include="src\Command\TurnRight\TurnRight.cpp">
      <Filter>Source Files</Filter>
    </ClCompile>
    <ClCompile Include="src\Objects\Controlable\Rabbids\Rabbids.cpp">
      <Filter>Source Files</Filter>
    </ClCompile>
    <ClCompile Include="src\Objects\Controlable\ClawRobot\ClawRobot.cpp">
      <Filter>Source Files</Filter>
    </ClCompile>
    <ClCompile Include="src\Objects\Interactable\IdleRabbids\IdleRabbids.cpp">
      <Filter>Source Files</Filter>
    </ClCompile>
    <ClCompile Include="src\Core\GameManager\GameManager.cpp">
      <Filter>Source Files</Filter>
    </ClCompile>
    <ClCompile Include="src\Command\Invoker\Invoker.cpp">
      <Filter>Source Files</Filter>
    </ClCompile>
    <ClCompile Include="src\Core\InputManager\InputManager.cpp">
      <Filter>Source Files</Filter>
    </ClCompile>
    <ClCompile Include="src\Core\LevelManager\LevelManager.cpp">
      <Filter>Source Files</Filter>
    </ClCompile>
    <ClCompile Include="src\Playspace\Cell\Cell.cpp">
      <Filter>Source Files</Filter>
    </ClCompile>
    <ClCompile Include="src\Playspace\Grid\Grid.cpp">
      <Filter>Source Files</Filter>
    </ClCompile>
    <ClCompile Include="src\Playspace\Level\Level.cpp">
      <Filter>Source Files</Filter>
    </ClCompile>
    <ClCompile Include="src\UI\DisplayManager.cpp">
      <Filter>Source Files</Filter>
    </ClCompile>
    <ClCompile Include="src\FileSystem\FileHandler.cpp">
      <Filter>Source Files</Filter>
    </ClCompile>
    <ClCompile Include="src\Objects\Interactable\ElectricFence\ElectricFence.cpp">
      <Filter>Source Files</Filter>
    </ClCompile>
    <ClCompile Include="src\Factory\Factory.cpp">
      <Filter>Source Files</Filter>
    </ClCompile>
    <ClCompile Include="src\Objects\Interactable\Bag\Bag.cpp">
      <Filter>Source Files</Filter>
    </ClCompile>
    <ClCompile Include="src\Objects\Interactable\Button\Button.cpp">
      <Filter>Source Files</Filter>
    </ClCompile>
    <ClCompile Include="src\Enum\Converter\Converter.cpp">
      <Filter>Source Files</Filter>
    </ClCompile>
    <ClCompile Include="src\Core\DataPersistence\DataPersistence.cpp">
      <Filter>Source Files</Filter>
    </ClCompile>
    <ClCompile Include="src\Objects\Controlable\ArmedRabbids\ArmedRabbids.cpp">
      <Filter>Source Files</Filter>
    </ClCompile>
    <ClCompile Include="src\Objects\Controlable\VacuumRobot\VacuumRobot.cpp">
      <Filter>Source Files</Filter>
    </ClCompile>
    <ClCompile Include="src\Objects\Interactable\CardBox\CardBox.cpp">
      <Filter>Source Files</Filter>
    </ClCompile>
    <ClCompile Include="src\Objects\Interactable\Plunger\Plunger.cpp">
      <Filter>Source Files</Filter>
    </ClCompile>
    <ClCompile Include="src\Objects\Interactable\Saw\Saw.cpp">
      <Filter>Source Files</Filter>
    </ClCompile>
    <ClCompile Include="src\Objects\Interactable\Tissue\Tissue.cpp">
      <Filter>Source Files</Filter>
    </ClCompile>
    <ClCompile Include="src\Objects\Interactable\WashingMachine\WashingMachine.cpp">
      <Filter>Source Files</Filter>
    </ClCompile>
  </ItemGroup>
  <ItemGroup>
    <ClInclude Include="src\Objects\IObjects.hpp">
      <Filter>Header Files</Filter>
    </ClInclude>
    <ClInclude Include="src\Objects\Controlable\IControlable.hpp">
      <Filter>Header Files</Filter>
    </ClInclude>
    <ClInclude Include="src\Enum\Objects.hpp">
      <Filter>Header Files</Filter>
    </ClInclude>
    <ClInclude Include="src\Enum\Commands.hpp">
      <Filter>Header Files</Filter>
    </ClInclude>
    <ClInclude Include="src\Enum\Directions.hpp">
      <Filter>Header Files</Filter>
    </ClInclude>
    <ClInclude Include="src\Enum\Controlables.hpp">
      <Filter>Header Files</Filter>
    </ClInclude>
    <ClInclude Include="src\Enum\Interactables.hpp">
      <Filter>Header Files</Filter>
    </ClInclude>
    <ClInclude Include="src\Enum\GameStates.hpp">
      <Filter>Header Files</Filter>
    </ClInclude>
    <ClInclude Include="src\Command\ICommand.hpp">
      <Filter>Header Files</Filter>
    </ClInclude>
    <ClInclude Include="src\Command\MoveBackward\MoveBackward.hpp">
      <Filter>Header Files</Filter>
    </ClInclude>
    <ClInclude Include="src\Command\MoveForward\MoveForward.hpp">
      <Filter>Header Files</Filter>
    </ClInclude>
    <ClInclude Include="src\Command\TurnRight\TurnRight.hpp">
      <Filter>Header Files</Filter>
    </ClInclude>
    <ClInclude Include="src\Command\TurnLeft\TurnLeft.hpp">
      <Filter>Header Files</Filter>
    </ClInclude>
    <ClInclude Include="src\Objects\Controlable\Rabbids\Rabbids.hpp">
      <Filter>Header Files</Filter>
    </ClInclude>
    <ClInclude Include="src\Objects\Controlable\ClawRobot\ClawRobot.hpp">
      <Filter>Header Files</Filter>
    </ClInclude>
    <ClInclude Include="src\Objects\Interactable\IdleRabbids\IdleRabbids.hpp">
      <Filter>Header Files</Filter>
    </ClInclude>
    <ClInclude Include="src\Objects\Interactable\IInteractable.hpp">
      <Filter>Header Files</Filter>
    </ClInclude>
    <ClInclude Include="src\Core\GameManager\GameManager.hpp">
      <Filter>Header Files</Filter>
    </ClInclude>
    <ClInclude Include="src\Command\Invoker\Invoker.hpp">
      <Filter>Header Files</Filter>
    </ClInclude>
    <ClInclude Include="src\Core\InputManager\InputManager.hpp">
      <Filter>Header Files</Filter>
    </ClInclude>
    <ClInclude Include="src\Core\LevelManager\LevelManager.hpp">
      <Filter>Header Files</Filter>
    </ClInclude>
    <ClInclude Include="src\Playspace\Cell\Cell.hpp">
      <Filter>Header Files</Filter>
    </ClInclude>
    <ClInclude Include="src\Playspace\Grid\Grid.hpp">
      <Filter>Header Files</Filter>
    </ClInclude>
    <ClInclude Include="src\Playspace\Level\Level.hpp">
      <Filter>Header Files</Filter>
    </ClInclude>
    <ClInclude Include="src\UI\DisplayManager.hpp">
      <Filter>Header Files</Filter>
    </ClInclude>
    <ClInclude Include="src\Objects\Interactable\ElectricFence\ElectricFence.hpp">
      <Filter>Header Files</Filter>
    </ClInclude>
    <ClInclude Include="src\FileSystem\FileHandler.hpp">
      <Filter>Header Files</Filter>
    </ClInclude>
    <ClInclude Include="src\Factory\Factory.hpp">
      <Filter>Header Files</Filter>
    </ClInclude>
    <ClInclude Include="src\Objects\Interactable\Bag\Bag.hpp">
      <Filter>Header Files</Filter>
    </ClInclude>
    <ClInclude Include="src\Objects\Interactable\Button\Button.hpp">
      <Filter>Header Files</Filter>
    </ClInclude>
    <ClInclude Include="src\Enum\Converter\Converter.hpp">
      <Filter>Header Files</Filter>
    </ClInclude>
    <ClInclude Include="src\Core\DataPersistence\DataPersistence.hpp">
      <Filter>Header Files</Filter>
    </ClInclude>
    <ClInclude Include="src\Objects\Controlable\ArmedRabbids\ArmedRabbids.hpp">
      <Filter>Header Files</Filter>
    </ClInclude>
    <ClInclude Include="src\Objects\Controlable\VacuumRobot\VacuumRobot.hpp">
      <Filter>Header Files</Filter>
    </ClInclude>
    <ClInclude Include="src\Objects\Interactable\CardBox\CardBox.hpp">
      <Filter>Header Files</Filter>
    </ClInclude>
    <ClInclude Include="src\Objects\Interactable\Plunger\Plunger.hpp">
      <Filter>Header Files</Filter>
    </ClInclude>
    <ClInclude Include="src\Objects\Interactable\Saw\Saw.hpp">
      <Filter>Header Files</Filter>
    </ClInclude>
    <ClInclude Include="src\Objects\Interactable\Tissue\Tissue.hpp">
      <Filter>Header Files</Filter>
    </ClInclude>
    <ClInclude Include="src\Objects\Interactable\WashingMachine\WashingMachine.hpp">
      <Filter>Header Files</Filter>
    </ClInclude>
  </ItemGroup>
</Project>